{
  "requires": true,
  "lockfileVersion": 1,
  "dependencies": {
    "types-registry": {
      "version": "0.1.451",
      "resolved": "https://registry.npmjs.org/types-registry/-/types-registry-0.1.451.tgz",
      "integrity": "sha512-fzOdlEVKK+TMjCJBRGiIhswUKJGIdJ2x7ambP/kBXPoGtgmwgIjVCrzFXXeZjbLjoAHhZccFsmv7hIvjUEv8eg=="
    }
  }
}
